
Microsoft Visual Studio Solution File, Format Version 12.00
# Visual Studio Version 17
VisualStudioVersion = 17.5.002.0
MinimumVisualStudioVersion = 10.0.40219.1
Project("{2150E333-8FDC-42A3-9474-1A3956D46DE8}") = "Games", "Games", "{BC8339F6-9AAA-472D-829F-5B5C7BA431B4}"
EndProject
Project("{2150E333-8FDC-42A3-9474-1A3956D46DE8}") = "ourCraft-master", "ourCraft-master", "{D58AEDAA-38F5-417B-8E94-B9F2FE53BC16}"
EndProject
Project("{2150E333-8FDC-42A3-9474-1A3956D46DE8}") = "ourCraft-master", "ourCraft-master", "{C2D73280-B492-44C4-AE6C-12B20F7B5B92}"
EndProject
Project("{2150E333-8FDC-42A3-9474-1A3956D46DE8}") = "thirdparty", "thirdparty", "{957E11D3-0558-456F-91F0-F68E1922C274}"
EndProject
Project("{2150E333-8FDC-42A3-9474-1A3956D46DE8}") = "assimp-5.2.4", "assimp-5.2.4", "{3CC7E41D-182E-4322-B5F5-947E2500C322}"
EndProject
Project("{2150E333-8FDC-42A3-9474-1A3956D46DE8}") = "contrib", "contrib", "{10CDD6E9-00C8-4830-A363-856F1F657204}"
EndProject
Project("{2150E333-8FDC-42A3-9474-1A3956D46DE8}") = "zlib", "zlib", "{C12BB70D-4A68-42A3-84BB-F74FAD4B26C4}"
EndProject
Project("{2150E333-8FDC-42A3-9474-1A3956D46DE8}") = "contrib", "contrib", "{1DC08536-7839-4B60-8944-362052A4B3ED}"
EndProject
Project("{2150E333-8FDC-42A3-9474-1A3956D46DE8}") = "dotzlib", "dotzlib", "{E7E15F64-AF9D-43E1-BD72-CDE4DE50A4AE}"
EndProject
Project("{9A19103F-16F7-4668-BE54-9A1E7A4F7556}") = "DotZLib", "Games\ourCraft-master\ourCraft-master\thirdparty\assimp-5.2.4\contrib\zlib\contrib\dotzlib\DotZLib\DotZLib.csproj", "{28A9830D-C0EC-4543-84EF-EC3D3C1D78A2}"
EndProject
Global
	GlobalSection(SolutionConfigurationPlatforms) = preSolution
		Debug|Any CPU = Debug|Any CPU
		Release|Any CPU = Release|Any CPU
	EndGlobalSection
	GlobalSection(ProjectConfigurationPlatforms) = postSolution
		{28A9830D-C0EC-4543-84EF-EC3D3C1D78A2}.Debug|Any CPU.ActiveCfg = Debug|Any CPU
		{28A9830D-C0EC-4543-84EF-EC3D3C1D78A2}.Debug|Any CPU.Build.0 = Debug|Any CPU
		{28A9830D-C0EC-4543-84EF-EC3D3C1D78A2}.Release|Any CPU.ActiveCfg = Release|Any CPU
		{28A9830D-C0EC-4543-84EF-EC3D3C1D78A2}.Release|Any CPU.Build.0 = Release|Any CPU
	EndGlobalSection
	GlobalSection(SolutionProperties) = preSolution
		HideSolutionNode = FALSE
	EndGlobalSection
	GlobalSection(NestedProjects) = preSolution
		{D58AEDAA-38F5-417B-8E94-B9F2FE53BC16} = {BC8339F6-9AAA-472D-829F-5B5C7BA431B4}
		{C2D73280-B492-44C4-AE6C-12B20F7B5B92} = {D58AEDAA-38F5-417B-8E94-B9F2FE53BC16}
		{957E11D3-0558-456F-91F0-F68E1922C274} = {C2D73280-B492-44C4-AE6C-12B20F7B5B92}
		{3CC7E41D-182E-4322-B5F5-947E2500C322} = {957E11D3-0558-456F-91F0-F68E1922C274}
		{10CDD6E9-00C8-4830-A363-856F1F657204} = {3CC7E41D-182E-4322-B5F5-947E2500C322}
		{C12BB70D-4A68-42A3-84BB-F74FAD4B26C4} = {10CDD6E9-00C8-4830-A363-856F1F657204}
		{1DC08536-7839-4B60-8944-362052A4B3ED} = {C12BB70D-4A68-42A3-84BB-F74FAD4B26C4}
		{E7E15F64-AF9D-43E1-BD72-CDE4DE50A4AE} = {1DC08536-7839-4B60-8944-362052A4B3ED}
		{28A9830D-C0EC-4543-84EF-EC3D3C1D78A2} = {E7E15F64-AF9D-43E1-BD72-CDE4DE50A4AE}
	EndGlobalSection
	GlobalSection(ExtensibilityGlobals) = postSolution
		SolutionGuid = {F6A380CF-F780-4E1D-8C2C-8ED092414FD5}
	EndGlobalSection
EndGlobal
